
Microsoft Visual Studio Solution File, Format Version 12.00
# Visual Studio Version 17
VisualStudioVersion = 17.9.34902.65
MinimumVisualStudioVersion = 10.0.40219.1
Project("{FAE04EC0-301F-11D3-BF4B-00C04F79EFBC}") = "RetrainingSchedulerApp", "RetrainingSchedulerApp\RetrainingSchedulerApp.csproj", "{9AE0B48F-1FAD-46F8-82D6-B20BE0D68899}"
EndProject
Project("{FAE04EC0-301F-11D3-BF4B-00C04F79EFBC}") = "SchedulerServiceTests", "SchedulerServiceTests\SchedulerServiceTests.csproj", "{75D3DFA2-2849-4312-AD95-7C6EDC052AD1}"
EndProject
Global
	GlobalSection(SolutionConfigurationPlatforms) = preSolution
		Debug|Any CPU = Debug|Any CPU
		Release|Any CPU = Release|Any CPU
	EndGlobalSection
	GlobalSection(ProjectConfigurationPlatforms) = postSolution
		{9AE0B48F-1FAD-46F8-82D6-B20BE0D68899}.Debug|Any CPU.ActiveCfg = Debug|Any CPU
		{9AE0B48F-1FAD-46F8-82D6-B20BE0D68899}.Debug|Any CPU.Build.0 = Debug|Any CPU
		{9AE0B48F-1FAD-46F8-82D6-B20BE0D68899}.Release|Any CPU.ActiveCfg = Release|Any CPU
		{9AE0B48F-1FAD-46F8-82D6-B20BE0D68899}.Release|Any CPU.Build.0 = Release|Any CPU
		{75D3DFA2-2849-4312-AD95-7C6EDC052AD1}.Debug|Any CPU.ActiveCfg = Debug|Any CPU
		{75D3DFA2-2849-4312-AD95-7C6EDC052AD1}.Debug|Any CPU.Build.0 = Debug|Any CPU
		{75D3DFA2-2849-4312-AD95-7C6EDC052AD1}.Release|Any CPU.ActiveCfg = Release|Any CPU
		{75D3DFA2-2849-4312-AD95-7C6EDC052AD1}.Release|Any CPU.Build.0 = Release|Any CPU
	EndGlobalSection
	GlobalSection(SolutionProperties) = preSolution
		HideSolutionNode = FALSE
	EndGlobalSection
	GlobalSection(ExtensibilityGlobals) = postSolution
		SolutionGuid = {21629F2C-870C-485F-B295-EC97E9E7E186}
	EndGlobalSection
EndGlobal
